// !$*UTF8*$!
{
	archiveVersion = 1;
	classes = {
	};
	objectVersion = 56;
	objects = {

/* Begin PBXBuildFile section */
		0443A0D22ACB082500F6DB2D /* CharactersTableViewController.swift in Sources */ = {isa = PBXBuildFile; fileRef = 0443A0D12ACB082500F6DB2D /* CharactersTableViewController.swift */; };
		0443A0D42ACB0AE000F6DB2D /* CaracterCell.swift in Sources */ = {isa = PBXBuildFile; fileRef = 0443A0D32ACB0AE000F6DB2D /* CaracterCell.swift */; };
		048EE9E82AC9A23800483A3C /* AppDelegate.swift in Sources */ = {isa = PBXBuildFile; fileRef = 048EE9E72AC9A23800483A3C /* AppDelegate.swift */; };
		048EE9EA2AC9A23800483A3C /* SceneDelegate.swift in Sources */ = {isa = PBXBuildFile; fileRef = 048EE9E92AC9A23800483A3C /* SceneDelegate.swift */; };
		048EE9EF2AC9A23800483A3C /* Main.storyboard in Resources */ = {isa = PBXBuildFile; fileRef = 048EE9ED2AC9A23800483A3C /* Main.storyboard */; };
		048EE9F12AC9A23A00483A3C /* Assets.xcassets in Resources */ = {isa = PBXBuildFile; fileRef = 048EE9F02AC9A23A00483A3C /* Assets.xcassets */; };
		048EE9F42AC9A23A00483A3C /* LaunchScreen.storyboard in Resources */ = {isa = PBXBuildFile; fileRef = 048EE9F22AC9A23A00483A3C /* LaunchScreen.storyboard */; };
		048EEA012AC9A63E00483A3C /* Characters.swift in Sources */ = {isa = PBXBuildFile; fileRef = 048EEA002AC9A63E00483A3C /* Characters.swift */; };
		048EEA032AC9A89400483A3C /* NetworkManager.swift in Sources */ = {isa = PBXBuildFile; fileRef = 048EEA022AC9A89400483A3C /* NetworkManager.swift */; };
		04971CBA2ACCEDAA003F7FBB /* CharacterInfoViewController.swift in Sources */ = {isa = PBXBuildFile; fileRef = 04971CB92ACCEDAA003F7FBB /* CharacterInfoViewController.swift */; };
		04AD84502ACEF81800DD8375 /* Alamofire in Frameworks */ = {isa = PBXBuildFile; productRef = 04AD844F2ACEF81800DD8375 /* Alamofire */; };
/* End PBXBuildFile section */

/* Begin PBXFileReference section */
		0443A0D12ACB082500F6DB2D /* CharactersTableViewController.swift */ = {isa = PBXFileReference; lastKnownFileType = sourcecode.swift; path = CharactersTableViewController.swift; sourceTree = "<group>"; };
		0443A0D32ACB0AE000F6DB2D /* CaracterCell.swift */ = {isa = PBXFileReference; lastKnownFileType = sourcecode.swift; path = CaracterCell.swift; sourceTree = "<group>"; };
		048EE9E42AC9A23800483A3C /* RickAndMortyAPI.app */ = {isa = PBXFileReference; explicitFileType = wrapper.application; includeInIndex = 0; path = RickAndMortyAPI.app; sourceTree = BUILT_PRODUCTS_DIR; };
		048EE9E72AC9A23800483A3C /* AppDelegate.swift */ = {isa = PBXFileReference; lastKnownFileType = sourcecode.swift; path = AppDelegate.swift; sourceTree = "<group>"; };
		048EE9E92AC9A23800483A3C /* SceneDelegate.swift */ = {isa = PBXFileReference; lastKnownFileType = sourcecode.swift; path = SceneDelegate.swift; sourceTree = "<group>"; };
		048EE9EE2AC9A23800483A3C /* Base */ = {isa = PBXFileReference; lastKnownFileType = file.storyboard; name = Base; path = Base.lproj/Main.storyboard; sourceTree = "<group>"; };
		048EE9F02AC9A23A00483A3C /* Assets.xcassets */ = {isa = PBXFileReference; lastKnownFileType = folder.assetcatalog; path = Assets.xcassets; sourceTree = "<group>"; };
		048EE9F32AC9A23A00483A3C /* Base */ = {isa = PBXFileReference; lastKnownFileType = file.storyboard; name = Base; path = Base.lproj/LaunchScreen.storyboard; sourceTree = "<group>"; };
		048EE9F52AC9A23A00483A3C /* Info.plist */ = {isa = PBXFileReference; lastKnownFileType = text.plist.xml; path = Info.plist; sourceTree = "<group>"; };
		048EEA002AC9A63E00483A3C /* Characters.swift */ = {isa = PBXFileReference; lastKnownFileType = sourcecode.swift; path = Characters.swift; sourceTree = "<group>"; };
		048EEA022AC9A89400483A3C /* NetworkManager.swift */ = {isa = PBXFileReference; lastKnownFileType = sourcecode.swift; path = NetworkManager.swift; sourceTree = "<group>"; };
		04971CB92ACCEDAA003F7FBB /* CharacterInfoViewController.swift */ = {isa = PBXFileReference; lastKnownFileType = sourcecode.swift; path = CharacterInfoViewController.swift; sourceTree = "<group>"; };
/* End PBXFileReference section */

/* Begin PBXFrameworksBuildPhase section */
		048EE9E12AC9A23800483A3C /* Frameworks */ = {
			isa = PBXFrameworksBuildPhase;
			buildActionMask = 2147483647;
			files = (
				04AD84502ACEF81800DD8375 /* Alamofire in Frameworks */,
			);
			runOnlyForDeploymentPostprocessing = 0;
		};
/* End PBXFrameworksBuildPhase section */

/* Begin PBXGroup section */
		0443A0D52ACC36E900F6DB2D /* Views */ = {
			isa = PBXGroup;
			children = (
				0443A0D32ACB0AE000F6DB2D /* CaracterCell.swift */,
			);
			path = Views;
			sourceTree = "<group>";
		};
		048EE9DB2AC9A23800483A3C = {
			isa = PBXGroup;
			children = (
				048EE9E62AC9A23800483A3C /* RickAndMortyAPI */,
				048EE9E52AC9A23800483A3C /* Products */,
			);
			sourceTree = "<group>";
		};
		048EE9E52AC9A23800483A3C /* Products */ = {
			isa = PBXGroup;
			children = (
				048EE9E42AC9A23800483A3C /* RickAndMortyAPI.app */,
			);
			name = Products;
			sourceTree = "<group>";
		};
		048EE9E62AC9A23800483A3C /* RickAndMortyAPI */ = {
			isa = PBXGroup;
			children = (
				048EE9FB2AC9A39400483A3C /* App */,
				048EE9FC2AC9A39C00483A3C /* ViewControllers */,
				0443A0D52ACC36E900F6DB2D /* Views */,
				048EE9FE2AC9A3B400483A3C /* Services */,
				048EE9FD2AC9A3AE00483A3C /* Models */,
				048EE9FF2AC9A3CB00483A3C /* Storyboards */,
				048EE9F02AC9A23A00483A3C /* Assets.xcassets */,
			);
			path = RickAndMortyAPI;
			sourceTree = "<group>";
		};
		048EE9FB2AC9A39400483A3C /* App */ = {
			isa = PBXGroup;
			children = (
				048EE9F52AC9A23A00483A3C /* Info.plist */,
				048EE9E72AC9A23800483A3C /* AppDelegate.swift */,
				048EE9E92AC9A23800483A3C /* SceneDelegate.swift */,
			);
			path = App;
			sourceTree = "<group>";
		};
		048EE9FC2AC9A39C00483A3C /* ViewControllers */ = {
			isa = PBXGroup;
			children = (
				0443A0D12ACB082500F6DB2D /* CharactersTableViewController.swift */,
				04971CB92ACCEDAA003F7FBB /* CharacterInfoViewController.swift */,
			);
			path = ViewControllers;
			sourceTree = "<group>";
		};
		048EE9FD2AC9A3AE00483A3C /* Models */ = {
			isa = PBXGroup;
			children = (
				048EEA002AC9A63E00483A3C /* Characters.swift */,
			);
			path = Models;
			sourceTree = "<group>";
		};
		048EE9FE2AC9A3B400483A3C /* Services */ = {
			isa = PBXGroup;
			children = (
				048EEA022AC9A89400483A3C /* NetworkManager.swift */,
			);
			path = Services;
			sourceTree = "<group>";
		};
		048EE9FF2AC9A3CB00483A3C /* Storyboards */ = {
			isa = PBXGroup;
			children = (
				048EE9F22AC9A23A00483A3C /* LaunchScreen.storyboard */,
				048EE9ED2AC9A23800483A3C /* Main.storyboard */,
			);
			path = Storyboards;
			sourceTree = "<group>";
		};
/* End PBXGroup section */

/* Begin PBXNativeTarget section */
		048EE9E32AC9A23800483A3C /* RickAndMortyAPI */ = {
			isa = PBXNativeTarget;
			buildConfigurationList = 048EE9F82AC9A23A00483A3C /* Build configuration list for PBXNativeTarget "RickAndMortyAPI" */;
			buildPhases = (
				048EE9E02AC9A23800483A3C /* Sources */,
				048EE9E12AC9A23800483A3C /* Frameworks */,
				048EE9E22AC9A23800483A3C /* Resources */,
			);
			buildRules = (
			);
			dependencies = (
			);
			name = RickAndMortyAPI;
			packageProductDependencies = (
				04AD844F2ACEF81800DD8375 /* Alamofire */,
			);
			productName = RickAndMortyAPI;
			productReference = 048EE9E42AC9A23800483A3C /* RickAndMortyAPI.app */;
			productType = "com.apple.product-type.application";
		};
/* End PBXNativeTarget section */

/* Begin PBXProject section */
		048EE9DC2AC9A23800483A3C /* Project object */ = {
			isa = PBXProject;
			attributes = {
				BuildIndependentTargetsInParallel = 1;
				LastSwiftUpdateCheck = 1430;
				LastUpgradeCheck = 1430;
				TargetAttributes = {
					048EE9E32AC9A23800483A3C = {
						CreatedOnToolsVersion = 14.3.1;
					};
				};
			};
			buildConfigurationList = 048EE9DF2AC9A23800483A3C /* Build configuration list for PBXProject "RickAndMortyAPI" */;
			compatibilityVersion = "Xcode 14.0";
			developmentRegion = en;
			hasScannedForEncodings = 0;
			knownRegions = (
				en,
				Base,
			);
			mainGroup = 048EE9DB2AC9A23800483A3C;
			packageReferences = (
				04E7A5D72ACE3E2E007F8349 /* XCRemoteSwiftPackageReference "SDWebImage" */,
				04AD844E2ACEF81800DD8375 /* XCRemoteSwiftPackageReference "Alamofire" */,
			);
			productRefGroup = 048EE9E52AC9A23800483A3C /* Products */;
			projectDirPath = "";
			projectRoot = "";
			targets = (
				048EE9E32AC9A23800483A3C /* RickAndMortyAPI */,
			);
		};
/* End PBXProject section */

/* Begin PBXResourcesBuildPhase section */
		048EE9E22AC9A23800483A3C /* Resources */ = {
			isa = PBXResourcesBuildPhase;
			buildActionMask = 2147483647;
			files = (
				048EE9F42AC9A23A00483A3C /* LaunchScreen.storyboard in Resources */,
				048EE9F12AC9A23A00483A3C /* Assets.xcassets in Resources */,
				048EE9EF2AC9A23800483A3C /* Main.storyboard in Resources */,
			);
			runOnlyForDeploymentPostprocessing = 0;
		};
/* End PBXResourcesBuildPhase section */

/* Begin PBXSourcesBuildPhase section */
		048EE9E02AC9A23800483A3C /* Sources */ = {
			isa = PBXSourcesBuildPhase;
			buildActionMask = 2147483647;
			files = (
				0443A0D22ACB082500F6DB2D /* CharactersTableViewController.swift in Sources */,
				048EEA032AC9A89400483A3C /* NetworkManager.swift in Sources */,
				048EE9E82AC9A23800483A3C /* AppDelegate.swift in Sources */,
				04971CBA2ACCEDAA003F7FBB /* CharacterInfoViewController.swift in Sources */,
				0443A0D42ACB0AE000F6DB2D /* CaracterCell.swift in Sources */,
				048EE9EA2AC9A23800483A3C /* SceneDelegate.swift in Sources */,
				048EEA012AC9A63E00483A3C /* Characters.swift in Sources */,
			);
			runOnlyForDeploymentPostprocessing = 0;
		};
/* End PBXSourcesBuildPhase section */

/* Begin PBXVariantGroup section */
		048EE9ED2AC9A23800483A3C /* Main.storyboard */ = {
			isa = PBXVariantGroup;
			children = (
				048EE9EE2AC9A23800483A3C /* Base */,
			);
			name = Main.storyboard;
			sourceTree = "<group>";
		};
		048EE9F22AC9A23A00483A3C /* LaunchScreen.storyboard */ = {
			isa = PBXVariantGroup;
			children = (
				048EE9F32AC9A23A00483A3C /* Base */,
			);
			name = LaunchScreen.storyboard;
			sourceTree = "<group>";
		};
/* End PBXVariantGroup section */

/* Begin XCBuildConfiguration section */
		048EE9F62AC9A23A00483A3C /* Debug */ = {
			isa = XCBuildConfiguration;
			buildSettings = {
				ALWAYS_SEARCH_USER_PATHS = NO;
				CLANG_ANALYZER_NONNULL = YES;
				CLANG_ANALYZER_NUMBER_OBJECT_CONVERSION = YES_AGGRESSIVE;
				CLANG_CXX_LANGUAGE_STANDARD = "gnu++20";
				CLANG_ENABLE_MODULES = YES;
				CLANG_ENABLE_OBJC_ARC = YES;
				CLANG_ENABLE_OBJC_WEAK = YES;
				CLANG_WARN_BLOCK_CAPTURE_AUTORELEASING = YES;
				CLANG_WARN_BOOL_CONVERSION = YES;
				CLANG_WARN_COMMA = YES;
				CLANG_WARN_CONSTANT_CONVERSION = YES;
				CLANG_WARN_DEPRECATED_OBJC_IMPLEMENTATIONS = YES;
				CLANG_WARN_DIRECT_OBJC_ISA_USAGE = YES_ERROR;
				CLANG_WARN_DOCUMENTATION_COMMENTS = YES;
				CLANG_WARN_EMPTY_BODY = YES;
				CLANG_WARN_ENUM_CONVERSION = YES;
				CLANG_WARN_INFINITE_RECURSION = YES;
				CLANG_WARN_INT_CONVERSION = YES;
				CLANG_WARN_NON_LITERAL_NULL_CONVERSION = YES;
				CLANG_WARN_OBJC_IMPLICIT_RETAIN_SELF = YES;
				CLANG_WARN_OBJC_LITERAL_CONVERSION = YES;
				CLANG_WARN_OBJC_ROOT_CLASS = YES_ERROR;
				CLANG_WARN_QUOTED_INCLUDE_IN_FRAMEWORK_HEADER = YES;
				CLANG_WARN_RANGE_LOOP_ANALYSIS = YES;
				CLANG_WARN_STRICT_PROTOTYPES = YES;
				CLANG_WARN_SUSPICIOUS_MOVE = YES;
				CLANG_WARN_UNGUARDED_AVAILABILITY = YES_AGGRESSIVE;
				CLANG_WARN_UNREACHABLE_CODE = YES;
				CLANG_WARN__DUPLICATE_METHOD_MATCH = YES;
				COPY_PHASE_STRIP = NO;
				DEBUG_INFORMATION_FORMAT = dwarf;
				ENABLE_STRICT_OBJC_MSGSEND = YES;
				ENABLE_TESTABILITY = YES;
				GCC_C_LANGUAGE_STANDARD = gnu11;
				GCC_DYNAMIC_NO_PIC = NO;
				GCC_NO_COMMON_BLOCKS = YES;
				GCC_OPTIMIZATION_LEVEL = 0;
				GCC_PREPROCESSOR_DEFINITIONS = (
					"DEBUG=1",
					"$(inherited)",
				);
				GCC_WARN_64_TO_32_BIT_CONVERSION = YES;
				GCC_WARN_ABOUT_RETURN_TYPE = YES_ERROR;
				GCC_WARN_UNDECLARED_SELECTOR = YES;
				GCC_WARN_UNINITIALIZED_AUTOS = YES_AGGRESSIVE;
				GCC_WARN_UNUSED_FUNCTION = YES;
				GCC_WARN_UNUSED_VARIABLE = YES;
				IPHONEOS_DEPLOYMENT_TARGET = 16.4;
				MTL_ENABLE_DEBUG_INFO = INCLUDE_SOURCE;
				MTL_FAST_MATH = YES;
				ONLY_ACTIVE_ARCH = YES;
				SDKROOT = iphoneos;
				SWIFT_ACTIVE_COMPILATION_CONDITIONS = DEBUG;
				SWIFT_OPTIMIZATION_LEVEL = "-Onone";
			};
			name = Debug;
		};
		048EE9F72AC9A23A00483A3C /* Release */ = {
			isa = XCBuildConfiguration;
			buildSettings = {
				ALWAYS_SEARCH_USER_PATHS = NO;
				CLANG_ANALYZER_NONNULL = YES;
				CLANG_ANALYZER_NUMBER_OBJECT_CONVERSION = YES_AGGRESSIVE;
				CLANG_CXX_LANGUAGE_STANDARD = "gnu++20";
				CLANG_ENABLE_MODULES = YES;
				CLANG_ENABLE_OBJC_ARC = YES;
				CLANG_ENABLE_OBJC_WEAK = YES;
				CLANG_WARN_BLOCK_CAPTURE_AUTORELEASING = YES;
				CLANG_WARN_BOOL_CONVERSION = YES;
				CLANG_WARN_COMMA = YES;
				CLANG_WARN_CONSTANT_CONVERSION = YES;
				CLANG_WARN_DEPRECATED_OBJC_IMPLEMENTATIONS = YES;
				CLANG_WARN_DIRECT_OBJC_ISA_USAGE = YES_ERROR;
				CLANG_WARN_DOCUMENTATION_COMMENTS = YES;
				CLANG_WARN_EMPTY_BODY = YES;
				CLANG_WARN_ENUM_CONVERSION = YES;
				CLANG_WARN_INFINITE_RECURSION = YES;
				CLANG_WARN_INT_CONVERSION = YES;
				CLANG_WARN_NON_LITERAL_NULL_CONVERSION = YES;
				CLANG_WARN_OBJC_IMPLICIT_RETAIN_SELF = YES;
				CLANG_WARN_OBJC_LITERAL_CONVERSION = YES;
				CLANG_WARN_OBJC_ROOT_CLASS = YES_ERROR;
				CLANG_WARN_QUOTED_INCLUDE_IN_FRAMEWORK_HEADER = YES;
				CLANG_WARN_RANGE_LOOP_ANALYSIS = YES;
				CLANG_WARN_STRICT_PROTOTYPES = YES;
				CLANG_WARN_SUSPICIOUS_MOVE = YES;
				CLANG_WARN_UNGUARDED_AVAILABILITY = YES_AGGRESSIVE;
				CLANG_WARN_UNREACHABLE_CODE = YES;
				CLANG_WARN__DUPLICATE_METHOD_MATCH = YES;
				COPY_PHASE_STRIP = NO;
				DEBUG_INFORMATION_FORMAT = "dwarf-with-dsym";
				ENABLE_NS_ASSERTIONS = NO;
				ENABLE_STRICT_OBJC_MSGSEND = YES;
				GCC_C_LANGUAGE_STANDARD = gnu11;
				GCC_NO_COMMON_BLOCKS = YES;
				GCC_WARN_64_TO_32_BIT_CONVERSION = YES;
				GCC_WARN_ABOUT_RETURN_TYPE = YES_ERROR;
				GCC_WARN_UNDECLARED_SELECTOR = YES;
				GCC_WARN_UNINITIALIZED_AUTOS = YES_AGGRESSIVE;
				GCC_WARN_UNUSED_FUNCTION = YES;
				GCC_WARN_UNUSED_VARIABLE = YES;
				IPHONEOS_DEPLOYMENT_TARGET = 16.4;
				MTL_ENABLE_DEBUG_INFO = NO;
				MTL_FAST_MATH = YES;
				SDKROOT = iphoneos;
				SWIFT_COMPILATION_MODE = wholemodule;
				SWIFT_OPTIMIZATION_LEVEL = "-O";
				VALIDATE_PRODUCT = YES;
			};
			name = Release;
		};
		048EE9F92AC9A23A00483A3C /* Debug */ = {
			isa = XCBuildConfiguration;
			buildSettings = {
				ASSETCATALOG_COMPILER_APPICON_NAME = AppIcon;
				ASSETCATALOG_COMPILER_GLOBAL_ACCENT_COLOR_NAME = AccentColor;
				CODE_SIGN_STYLE = Automatic;
				CURRENT_PROJECT_VERSION = 1;
				GENERATE_INFOPLIST_FILE = YES;
				INFOPLIST_FILE = RickAndMortyAPI/App/Info.plist;
				INFOPLIST_KEY_UIApplicationSupportsIndirectInputEvents = YES;
				INFOPLIST_KEY_UILaunchStoryboardName = LaunchScreen;
				INFOPLIST_KEY_UIMainStoryboardFile = Main;
				INFOPLIST_KEY_UISupportedInterfaceOrientations_iPad = "UIInterfaceOrientationPortrait UIInterfaceOrientationPortraitUpsideDown UIInterfaceOrientationLandscapeLeft UIInterfaceOrientationLandscapeRight";
				INFOPLIST_KEY_UISupportedInterfaceOrientations_iPhone = "UIInterfaceOrientationPortrait UIInterfaceOrientationLandscapeLeft UIInterfaceOrientationLandscapeRight";
				LD_RUNPATH_SEARCH_PATHS = (
					"$(inherited)",
					"@executable_path/Frameworks",
				);
				MARKETING_VERSION = 1.0;
				PRODUCT_BUNDLE_IDENTIFIER = "just-boogeyman.RickAndMortyAPI";
				PRODUCT_NAME = "$(TARGET_NAME)";
				SUPPORTED_PLATFORMS = "iphoneos iphonesimulator";
				SUPPORTS_MACCATALYST = NO;
				SUPPORTS_MAC_DESIGNED_FOR_IPHONE_IPAD = NO;
				SWIFT_EMIT_LOC_STRINGS = YES;
				SWIFT_VERSION = 5.0;
				TARGETED_DEVICE_FAMILY = 1;
			};
			name = Debug;
		};
		048EE9FA2AC9A23A00483A3C /* Release */ = {
			isa = XCBuildConfiguration;
			buildSettings = {
				ASSETCATALOG_COMPILER_APPICON_NAME = AppIcon;
				ASSETCATALOG_COMPILER_GLOBAL_ACCENT_COLOR_NAME = AccentColor;
				CODE_SIGN_STYLE = Automatic;
				CURRENT_PROJECT_VERSION = 1;
				GENERATE_INFOPLIST_FILE = YES;
				INFOPLIST_FILE = RickAndMortyAPI/App/Info.plist;
				INFOPLIST_KEY_UIApplicationSupportsIndirectInputEvents = YES;
				INFOPLIST_KEY_UILaunchStoryboardName = LaunchScreen;
				INFOPLIST_KEY_UIMainStoryboardFile = Main;
				INFOPLIST_KEY_UISupportedInterfaceOrientations_iPad = "UIInterfaceOrientationPortrait UIInterfaceOrientationPortraitUpsideDown UIInterfaceOrientationLandscapeLeft UIInterfaceOrientationLandscapeRight";
				INFOPLIST_KEY_UISupportedInterfaceOrientations_iPhone = "UIInterfaceOrientationPortrait UIInterfaceOrientationLandscapeLeft UIInterfaceOrientationLandscapeRight";
				LD_RUNPATH_SEARCH_PATHS = (
					"$(inherited)",
					"@executable_path/Frameworks",
				);
				MARKETING_VERSION = 1.0;
				PRODUCT_BUNDLE_IDENTIFIER = "just-boogeyman.RickAndMortyAPI";
				PRODUCT_NAME = "$(TARGET_NAME)";
				SUPPORTED_PLATFORMS = "iphoneos iphonesimulator";
				SUPPORTS_MACCATALYST = NO;
				SUPPORTS_MAC_DESIGNED_FOR_IPHONE_IPAD = NO;
				SWIFT_EMIT_LOC_STRINGS = YES;
				SWIFT_VERSION = 5.0;
				TARGETED_DEVICE_FAMILY = 1;
			};
			name = Release;
		};
/* End XCBuildConfiguration section */

/* Begin XCConfigurationList section */
		048EE9DF2AC9A23800483A3C /* Build configuration list for PBXProject "RickAndMortyAPI" */ = {
			isa = XCConfigurationList;
			buildConfigurations = (
				048EE9F62AC9A23A00483A3C /* Debug */,
				048EE9F72AC9A23A00483A3C /* Release */,
			);
			defaultConfigurationIsVisible = 0;
			defaultConfigurationName = Release;
		};
		048EE9F82AC9A23A00483A3C /* Build configuration list for PBXNativeTarget "RickAndMortyAPI" */ = {
			isa = XCConfigurationList;
			buildConfigurations = (
				048EE9F92AC9A23A00483A3C /* Debug */,
				048EE9FA2AC9A23A00483A3C /* Release */,
			);
			defaultConfigurationIsVisible = 0;
			defaultConfigurationName = Release;
		};
/* End XCConfigurationList section */

/* Begin XCRemoteSwiftPackageReference section */
		04AD844E2ACEF81800DD8375 /* XCRemoteSwiftPackageReference "Alamofire" */ = {
			isa = XCRemoteSwiftPackageReference;
			repositoryURL = "https://github.com/Alamofire/Alamofire.git";
			requirement = {
				kind = upToNextMajorVersion;
				minimumVersion = 5.0.0;
			};
		};
		04E7A5D72ACE3E2E007F8349 /* XCRemoteSwiftPackageReference "SDWebImage" */ = {
			isa = XCRemoteSwiftPackageReference;
			repositoryURL = "https://github.com/SDWebImage/SDWebImage";
			requirement = {
				kind = upToNextMajorVersion;
				minimumVersion = 5.0.0;
			};
		};
/* End XCRemoteSwiftPackageReference section */

/* Begin XCSwiftPackageProductDependency section */
		04AD844F2ACEF81800DD8375 /* Alamofire */ = {
			isa = XCSwiftPackageProductDependency;
			package = 04AD844E2ACEF81800DD8375 /* XCRemoteSwiftPackageReference "Alamofire" */;
			productName = Alamofire;
		};
/* End XCSwiftPackageProductDependency section */
	};
	rootObject = 048EE9DC2AC9A23800483A3C /* Project object */;
}
